
Microsoft Visual Studio Solution File, Format Version 12.00
# Visual Studio Version 17
VisualStudioVersion = 17.5.33530.505
MinimumVisualStudioVersion = 10.0.40219.1
Project("{9A19103F-16F7-4668-BE54-9A1E7A4F7556}") = "MessengerApp", "MessengerApp\MessengerApp.csproj", "{F285024B-D205-4965-866C-697E081C967C}"
EndProject
Project("{9A19103F-16F7-4668-BE54-9A1E7A4F7556}") = "MessengerServer", "MessengerServer\MessengerServer.csproj", "{AA7A7CDA-7652-4371-8DC5-6E1E06776313}"
EndProject
Global
	GlobalSection(SolutionConfigurationPlatforms) = preSolution
		Debug|Any CPU = Debug|Any CPU
		Release|Any CPU = Release|Any CPU
	EndGlobalSection
	GlobalSection(ProjectConfigurationPlatforms) = postSolution
		{F285024B-D205-4965-866C-697E081C967C}.Debug|Any CPU.ActiveCfg = Debug|Any CPU
		{F285024B-D205-4965-866C-697E081C967C}.Debug|Any CPU.Build.0 = Debug|Any CPU
		{F285024B-D205-4965-866C-697E081C967C}.Release|Any CPU.ActiveCfg = Release|Any CPU
		{F285024B-D205-4965-866C-697E081C967C}.Release|Any CPU.Build.0 = Release|Any CPU
		{AA7A7CDA-7652-4371-8DC5-6E1E06776313}.Debug|Any CPU.ActiveCfg = Debug|Any CPU
		{AA7A7CDA-7652-4371-8DC5-6E1E06776313}.Debug|Any CPU.Build.0 = Debug|Any CPU
		{AA7A7CDA-7652-4371-8DC5-6E1E06776313}.Release|Any CPU.ActiveCfg = Release|Any CPU
		{AA7A7CDA-7652-4371-8DC5-6E1E06776313}.Release|Any CPU.Build.0 = Release|Any CPU
	EndGlobalSection
	GlobalSection(SolutionProperties) = preSolution
		HideSolutionNode = FALSE
	EndGlobalSection
	GlobalSection(ExtensibilityGlobals) = postSolution
		SolutionGuid = {C4552F63-476E-4540-B129-DBD2CEBA8775}
	EndGlobalSection
EndGlobal
